
Microsoft Visual Studio Solution File, Format Version 12.00
# Visual Studio Version 17
VisualStudioVersion = 17.0.31912.275
MinimumVisualStudioVersion = 10.0.40219.1
Project("{FAE04EC0-301F-11D3-BF4B-00C04F79EFBC}") = "EntityFrameworkDemo", "EntityFrameworkDemo\EntityFrameworkDemo.csproj", "{B795344F-EABD-4669-8CF2-B2C99B56E5CA}"
EndProject
Global
	GlobalSection(SolutionConfigurationPlatforms) = preSolution
		Debug|Any CPU = Debug|Any CPU
		Release|Any CPU = Release|Any CPU
	EndGlobalSection
	GlobalSection(ProjectConfigurationPlatforms) = postSolution
		{B795344F-EABD-4669-8CF2-B2C99B56E5CA}.Debug|Any CPU.ActiveCfg = Debug|Any CPU
		{B795344F-EABD-4669-8CF2-B2C99B56E5CA}.Debug|Any CPU.Build.0 = Debug|Any CPU
		{B795344F-EABD-4669-8CF2-B2C99B56E5CA}.Release|Any CPU.ActiveCfg = Release|Any CPU
		{B795344F-EABD-4669-8CF2-B2C99B56E5CA}.Release|Any CPU.Build.0 = Release|Any CPU
	EndGlobalSection
	GlobalSection(SolutionProperties) = preSolution
		HideSolutionNode = FALSE
	EndGlobalSection
	GlobalSection(ExtensibilityGlobals) = postSolution
		SolutionGuid = {FB6A46FF-7F84-44A6-AA08-F2A726E2E3C9}
	EndGlobalSection
EndGlobal
